
Microsoft Visual Studio Solution File, Format Version 12.00
# Visual Studio Version 17
VisualStudioVersion = 17.14.36221.1
MinimumVisualStudioVersion = 10.0.40219.1
Project("{FAE04EC0-301F-11D3-BF4B-00C04F79EFBC}") = "GateWayRecargas", "GateWayRecargas.csproj", "{02943ABD-F225-4154-BE68-C6F22EC8159D}"
EndProject
Project("{2150E333-8FDC-42A3-9474-1A3956D46DE8}") = "Application", "Application", "{02EA681E-C7D8-13C7-8484-4AC65E1B71E8}"
EndProject
Project("{2150E333-8FDC-42A3-9474-1A3956D46DE8}") = "Common", "Common", "{7A72997B-D5AA-484E-BB65-60CB3697DE9A}"
EndProject
Project("{2150E333-8FDC-42A3-9474-1A3956D46DE8}") = "Domain", "Domain", "{FE918BC5-B9C8-4774-A29C-128A84B102DC}"
EndProject
Project("{2150E333-8FDC-42A3-9474-1A3956D46DE8}") = "Infrastructure", "Infrastructure", "{79FF2A5F-73CA-448A-A0A1-FF79BB57A57F}"
EndProject
Project("{2150E333-8FDC-42A3-9474-1A3956D46DE8}") = "WebApi", "WebApi", "{31A15C74-92FA-4501-B607-4179AD98891C}"
EndProject
Project("{FAE04EC0-301F-11D3-BF4B-00C04F79EFBC}") = "TecomNet.Domain", "..\TecomNet.Domain\TecomNet.Domain.csproj", "{F35EB3A3-70DC-4ECC-B420-138CBE4E4769}"
EndProject
Project("{FAE04EC0-301F-11D3-BF4B-00C04F79EFBC}") = "TecomNet.Common", "..\TecomNet.Common\TecomNet.Common.csproj", "{4353CA2E-75B8-4C95-8F14-5777AA437070}"
EndProject
Project("{FAE04EC0-301F-11D3-BF4B-00C04F79EFBC}") = "TecomNet.Infrastructure.Core", "..\TecomNet.Infrastructure.Core\TecomNet.Infrastructure.Core.csproj", "{A157D9D2-B253-4AEE-AEC6-C8BA60542465}"
EndProject
Project("{FAE04EC0-301F-11D3-BF4B-00C04F79EFBC}") = "TecomNet.Infrastructure.Sql", "..\TecomNet.Infrastructure.Sql\TecomNet.Infrastructure.Sql.csproj", "{DA41BDC8-8AD4-45E2-8B07-2B96F07DD6E8}"
EndProject
Project("{FAE04EC0-301F-11D3-BF4B-00C04F79EFBC}") = "TecomNet.Infrastructure.WebServices", "..\TecomNet.Infrastructure.WebServices\TecomNet.Infrastructure.WebServices.csproj", "{F50CE147-A8B7-4877-972B-26DE348F0FF7}"
EndProject
Project("{FAE04EC0-301F-11D3-BF4B-00C04F79EFBC}") = "TecomNet.Domain.Service", "..\TecomNet.Domain.Service\TecomNet.Domain.Service.csproj", "{7EFA75DD-514C-44E6-A92A-CFB2C4E1BC6E}"
EndProject
Project("{FAE04EC0-301F-11D3-BF4B-00C04F79EFBC}") = "TecomNet.DomainService.Core", "..\TecomNet.DomainService.Core\TecomNet.DomainService.Core.csproj", "{92F2C938-EF32-4269-BE41-19A6965C25CA}"
EndProject
Project("{FAE04EC0-301F-11D3-BF4B-00C04F79EFBC}") = "TecomNet.Altan.Service", "..\TecomNet.Altan.Service\TecomNet.Altan.Service.csproj", "{F10F6C18-2BFA-491E-982A-9AB2DB5CC781}"
EndProject
Global
	GlobalSection(SolutionConfigurationPlatforms) = preSolution
		Debug|Any CPU = Debug|Any CPU
		Release|Any CPU = Release|Any CPU
	EndGlobalSection
	GlobalSection(ProjectConfigurationPlatforms) = postSolution
		{02943ABD-F225-4154-BE68-C6F22EC8159D}.Debug|Any CPU.ActiveCfg = Debug|Any CPU
		{02943ABD-F225-4154-BE68-C6F22EC8159D}.Debug|Any CPU.Build.0 = Debug|Any CPU
		{02943ABD-F225-4154-BE68-C6F22EC8159D}.Release|Any CPU.ActiveCfg = Release|Any CPU
		{02943ABD-F225-4154-BE68-C6F22EC8159D}.Release|Any CPU.Build.0 = Release|Any CPU
		{F35EB3A3-70DC-4ECC-B420-138CBE4E4769}.Debug|Any CPU.ActiveCfg = Debug|Any CPU
		{F35EB3A3-70DC-4ECC-B420-138CBE4E4769}.Debug|Any CPU.Build.0 = Debug|Any CPU
		{F35EB3A3-70DC-4ECC-B420-138CBE4E4769}.Release|Any CPU.ActiveCfg = Release|Any CPU
		{F35EB3A3-70DC-4ECC-B420-138CBE4E4769}.Release|Any CPU.Build.0 = Release|Any CPU
		{4353CA2E-75B8-4C95-8F14-5777AA437070}.Debug|Any CPU.ActiveCfg = Debug|Any CPU
		{4353CA2E-75B8-4C95-8F14-5777AA437070}.Debug|Any CPU.Build.0 = Debug|Any CPU
		{4353CA2E-75B8-4C95-8F14-5777AA437070}.Release|Any CPU.ActiveCfg = Release|Any CPU
		{4353CA2E-75B8-4C95-8F14-5777AA437070}.Release|Any CPU.Build.0 = Release|Any CPU
		{A157D9D2-B253-4AEE-AEC6-C8BA60542465}.Debug|Any CPU.ActiveCfg = Debug|Any CPU
		{A157D9D2-B253-4AEE-AEC6-C8BA60542465}.Debug|Any CPU.Build.0 = Debug|Any CPU
		{A157D9D2-B253-4AEE-AEC6-C8BA60542465}.Release|Any CPU.ActiveCfg = Release|Any CPU
		{A157D9D2-B253-4AEE-AEC6-C8BA60542465}.Release|Any CPU.Build.0 = Release|Any CPU
		{DA41BDC8-8AD4-45E2-8B07-2B96F07DD6E8}.Debug|Any CPU.ActiveCfg = Debug|Any CPU
		{DA41BDC8-8AD4-45E2-8B07-2B96F07DD6E8}.Debug|Any CPU.Build.0 = Debug|Any CPU
		{DA41BDC8-8AD4-45E2-8B07-2B96F07DD6E8}.Release|Any CPU.ActiveCfg = Release|Any CPU
		{DA41BDC8-8AD4-45E2-8B07-2B96F07DD6E8}.Release|Any CPU.Build.0 = Release|Any CPU
		{F50CE147-A8B7-4877-972B-26DE348F0FF7}.Debug|Any CPU.ActiveCfg = Debug|Any CPU
		{F50CE147-A8B7-4877-972B-26DE348F0FF7}.Debug|Any CPU.Build.0 = Debug|Any CPU
		{F50CE147-A8B7-4877-972B-26DE348F0FF7}.Release|Any CPU.ActiveCfg = Release|Any CPU
		{F50CE147-A8B7-4877-972B-26DE348F0FF7}.Release|Any CPU.Build.0 = Release|Any CPU
		{7EFA75DD-514C-44E6-A92A-CFB2C4E1BC6E}.Debug|Any CPU.ActiveCfg = Debug|Any CPU
		{7EFA75DD-514C-44E6-A92A-CFB2C4E1BC6E}.Debug|Any CPU.Build.0 = Debug|Any CPU
		{7EFA75DD-514C-44E6-A92A-CFB2C4E1BC6E}.Release|Any CPU.ActiveCfg = Release|Any CPU
		{7EFA75DD-514C-44E6-A92A-CFB2C4E1BC6E}.Release|Any CPU.Build.0 = Release|Any CPU
		{92F2C938-EF32-4269-BE41-19A6965C25CA}.Debug|Any CPU.ActiveCfg = Debug|Any CPU
		{92F2C938-EF32-4269-BE41-19A6965C25CA}.Debug|Any CPU.Build.0 = Debug|Any CPU
		{92F2C938-EF32-4269-BE41-19A6965C25CA}.Release|Any CPU.ActiveCfg = Release|Any CPU
		{92F2C938-EF32-4269-BE41-19A6965C25CA}.Release|Any CPU.Build.0 = Release|Any CPU
		{F10F6C18-2BFA-491E-982A-9AB2DB5CC781}.Debug|Any CPU.ActiveCfg = Debug|Any CPU
		{F10F6C18-2BFA-491E-982A-9AB2DB5CC781}.Debug|Any CPU.Build.0 = Debug|Any CPU
		{F10F6C18-2BFA-491E-982A-9AB2DB5CC781}.Release|Any CPU.ActiveCfg = Release|Any CPU
		{F10F6C18-2BFA-491E-982A-9AB2DB5CC781}.Release|Any CPU.Build.0 = Release|Any CPU
	EndGlobalSection
	GlobalSection(SolutionProperties) = preSolution
		HideSolutionNode = FALSE
	EndGlobalSection
	GlobalSection(NestedProjects) = preSolution
		{02943ABD-F225-4154-BE68-C6F22EC8159D} = {31A15C74-92FA-4501-B607-4179AD98891C}
		{F35EB3A3-70DC-4ECC-B420-138CBE4E4769} = {FE918BC5-B9C8-4774-A29C-128A84B102DC}
		{4353CA2E-75B8-4C95-8F14-5777AA437070} = {7A72997B-D5AA-484E-BB65-60CB3697DE9A}
		{A157D9D2-B253-4AEE-AEC6-C8BA60542465} = {79FF2A5F-73CA-448A-A0A1-FF79BB57A57F}
		{DA41BDC8-8AD4-45E2-8B07-2B96F07DD6E8} = {79FF2A5F-73CA-448A-A0A1-FF79BB57A57F}
		{F50CE147-A8B7-4877-972B-26DE348F0FF7} = {79FF2A5F-73CA-448A-A0A1-FF79BB57A57F}
		{7EFA75DD-514C-44E6-A92A-CFB2C4E1BC6E} = {FE918BC5-B9C8-4774-A29C-128A84B102DC}
		{92F2C938-EF32-4269-BE41-19A6965C25CA} = {FE918BC5-B9C8-4774-A29C-128A84B102DC}
		{F10F6C18-2BFA-491E-982A-9AB2DB5CC781} = {02EA681E-C7D8-13C7-8484-4AC65E1B71E8}
	EndGlobalSection
	GlobalSection(ExtensibilityGlobals) = postSolution
		SolutionGuid = {AB661DF8-233C-4B8C-B700-B737F30F5061}
	EndGlobalSection
EndGlobal
